
Microsoft Visual Studio Solution File, Format Version 12.00
# Visual Studio 2013
VisualStudioVersion = 12.0.21005.1
MinimumVisualStudioVersion = 10.0.40219.1
Project("{FAE04EC0-301F-11D3-BF4B-00C04F79EFBC}") = "CRIPTO_API", "CRIPTO_API\CRIPTO_API.csproj", "{50A84847-4A12-429F-91B0-1780E09B9FA2}"
EndProject
Project("{FAE04EC0-301F-11D3-BF4B-00C04F79EFBC}") = "TESTE_CRIPTO", "TESTE_CRIPTO\TESTE_CRIPTO.csproj", "{D82FF15A-B1EA-45FC-B366-2DAE8492E894}"
EndProject
Global
	GlobalSection(SolutionConfigurationPlatforms) = preSolution
		Debug|Any CPU = Debug|Any CPU
		Release|Any CPU = Release|Any CPU
	EndGlobalSection
	GlobalSection(ProjectConfigurationPlatforms) = postSolution
		{50A84847-4A12-429F-91B0-1780E09B9FA2}.Debug|Any CPU.ActiveCfg = Debug|Any CPU
		{50A84847-4A12-429F-91B0-1780E09B9FA2}.Debug|Any CPU.Build.0 = Debug|Any CPU
		{50A84847-4A12-429F-91B0-1780E09B9FA2}.Release|Any CPU.ActiveCfg = Release|Any CPU
		{50A84847-4A12-429F-91B0-1780E09B9FA2}.Release|Any CPU.Build.0 = Release|Any CPU
		{D82FF15A-B1EA-45FC-B366-2DAE8492E894}.Debug|Any CPU.ActiveCfg = Debug|Any CPU
		{D82FF15A-B1EA-45FC-B366-2DAE8492E894}.Debug|Any CPU.Build.0 = Debug|Any CPU
		{D82FF15A-B1EA-45FC-B366-2DAE8492E894}.Release|Any CPU.ActiveCfg = Release|Any CPU
		{D82FF15A-B1EA-45FC-B366-2DAE8492E894}.Release|Any CPU.Build.0 = Release|Any CPU
	EndGlobalSection
	GlobalSection(SolutionProperties) = preSolution
		HideSolutionNode = FALSE
	EndGlobalSection
EndGlobal
